code.byted.org/dc/duckdb-go-bindings v0.1.15 h1:+QOZ/6HbX2KUxB3JevAaSElNWuyZDzvr75AtDhk3vfc=
code.byted.org/dc/duckdb-go-bindings v0.1.15/go.mod h1:Az9fe5C75Ny+NVuAs21RVWZUcklM11yWFSGWMFLQoZE=
code.byted.org/dc/duckdb-go-bindings/darwin-amd64 v0.0.0-20250528084857-9c8e2d686644 h1:BfdTJMqyiJy3zc1AgMQ5QuuIPHQM1g3kEKFkewohEls=
code.byted.org/dc/duckdb-go-bindings/darwin-amd64 v0.0.0-20250528084857-9c8e2d686644/go.mod h1:BTCsuC590hJrD/1b744Tg23IYCtHtE+/o0J5lWJolx0=
code.byted.org/dc/duckdb-go-bindings/darwin-arm64 v0.0.0-20250528084857-9c8e2d686644 h1:s8syRdDn1eeLhhvK6gLLSFlKraxa7h4+VyzuE+PvOdM=
code.byted.org/dc/duckdb-go-bindings/darwin-arm64 v0.0.0-20250528084857-9c8e2d686644/go.mod h1:lYJObJQxoZrXK6aXXrhmc/C3jZ4xCrbZuN10IOOXig4=
code.byted.org/dc/duckdb-go-bindings/linux-amd64 v0.0.0-20250528084857-9c8e2d686644 h1:krmO2MJTSoaJ7XYIsopZEtASGh4ZFOMqQXv9dK/olks=
code.byted.org/dc/duckdb-go-bindings/linux-amd64 v0.0.0-20250528084857-9c8e2d686644/go.mod h1:W6I2DubQBENPCASZvLf4ylKVNPKRAJpepYxkz7cCaAg=
code.byted.org/dc/duckdb-go-bindings/linux-arm64 v0.0.0-20250528084857-9c8e2d686644 h1:U9w9vRpGXLVC6esX3TVkhbSW9wu5JBqDzC3nTyFHhtE=
code.byted.org/dc/duckdb-go-bindings/linux-arm64 v0.0.0-20250528084857-9c8e2d686644/go.mod h1:H6gjdBHK3iNlgAyFF8w0kxFg+YOcXtZAa6xIpX4+KbM=
code.byted.org/dc/duckdb-go-bindings/windows-amd64 v0.0.0-20250528084857-9c8e2d686644 h1:4UWdVrUV0+jAm5Z0LBRbr6sJjtVXzkfOCt39W6Z/K8Y=
code.byted.org/dc/duckdb-go-bindings/windows-amd64 v0.0.0-20250528084857-9c8e2d686644/go.mod h1:CN1Wdhm+NyXwwfJTsoGL0P6gT6S/gXmC9OgiwTNiQKI=
github.com/davecgh/go-spew v1.1.1 h1:vj9j/u1bqnvCEfJOwUhtlOARqs3+rkHYY13jYWTU97c=
github.com/davecgh/go-spew v1.1.1/go.mod h1:J7Y8YcW2NihsgmVo/mv3lAwl/skON4iLHjSsI+c5H38=
github.com/pmezard/go-difflib v1.0.0 h1:4DBwDE0NGyQoBHbLQYPwSUPoCMWR5BEzIk/f1lZbAQM=
github.com/pmezard/go-difflib v1.0.0/go.mod h1:iKH77koFhYxTK1pcRnkKkqfTogsbg7gZNVY4sRDYZ/4=
github.com/stretchr/testify v1.10.0 h1:Xv5erBjTwe/5IxqUQTdXv5kgmIvbHo3QQyRwhJsOfJA=
github.com/stretchr/testify v1.10.0/go.mod h1:r2ic/lqez/lEtzL7wO/rwa5dbSLXVDPFyf8C91i36aY=
gopkg.in/yaml.v3 v3.0.1 h1:fxVm/GzAzEWqLHuvctI91KS9hhNmmWOoWu0XTYJS7CA=
gopkg.in/yaml.v3 v3.0.1/go.mod h1:K4uyk7z7BCEPqu6E+C64Yfv1cQ7kz7rIZviUmN+EgEM=
